// !$*UTF8*$!
{
	archiveVersion = 1;
	classes = {
	};
	objectVersion = 56;
	objects = {

/* Begin PBXBuildFile section */
		1D1A5B2A2B8E4F3C00F4B8C7 /* AppDelegate.swift in Sources */ = {isa = PBXBuildFile; fileRef = 1D1A5B292B8E4F3C00F4B8C7 /* AppDelegate.swift */; };
		1D1A5B2C2B8E4F3C00F4B8C7 /* SceneDelegate.swift in Sources */ = {isa = PBXBuildFile; fileRef = 1D1A5B2B2B8E4F3C00F4B8C7 /* SceneDelegate.swift */; };
		1D1A5B312B8E4F3C00F4B8C7 /* Main.storyboard in Resources */ = {isa = PBXBuildFile; fileRef = 1D1A5B2F2B8E4F3C00F4B8C7 /* Main.storyboard */; };
		1D1A5B332B8E4F3D00F4B8C7 /* Assets.xcassets in Resources */ = {isa = PBXBuildFile; fileRef = 1D1A5B322B8E4F3D00F4B8C7 /* Assets.xcassets */; };
		1D1A5B362B8E4F3D00F4B8C7 /* LaunchScreen.storyboard in Resources */ = {isa = PBXBuildFile; fileRef = 1D1A5B342B8E4F3D00F4B8C7 /* LaunchScreen.storyboard */; };
		1D1A5B3E2B8E4F8A00F4B8C7 /* GameViewController.swift in Sources */ = {isa = PBXBuildFile; fileRef = 1D1A5B3D2B8E4F8A00F4B8C7 /* GameViewController.swift */; };
		1D1A5B402B8E4F9600F4B8C7 /* GameModel.swift in Sources */ = {isa = PBXBuildFile; fileRef = 1D1A5B3F2B8E4F9600F4B8C7 /* GameModel.swift */; };
		1D1A5B422B8E4FA200F4B8C7 /* Ship.swift in Sources */ = {isa = PBXBuildFile; fileRef = 1D1A5B412B8E4FA200F4B8C7 /* Ship.swift */; };
		1D1A5B442B8E4FB000F4B8C7 /* Grid.swift in Sources */ = {isa = PBXBuildFile; fileRef = 1D1A5B432B8E4FB000F4B8C7 /* Grid.swift */; };
		1D1A5B462B8E4FBC00F4B8C7 /* Fleet.swift in Sources */ = {isa = PBXBuildFile; fileRef = 1D1A5B452B8E4FBC00F4B8C7 /* Fleet.swift */; };
		1D1A5B482B8E4FC800F4B8C7 /* AI.swift in Sources */ = {isa = PBXBuildFile; fileRef = 1D1A5B472B8E4FC800F4B8C7 /* AI.swift */; };
		1D1A5B4A2B8E4FD400F4B8C7 /* GameStats.swift in Sources */ = {isa = PBXBuildFile; fileRef = 1D1A5B492B8E4FD400F4B8C7 /* GameStats.swift */; };
		1D1A5B4C2B8E4FE000F4B8C7 /* GridView.swift in Sources */ = {isa = PBXBuildFile; fileRef = 1D1A5B4B2B8E4FE000F4B8C7 /* GridView.swift */; };
		1D1A5B4E2B8E4FEC00F4B8C7 /* GameConstants.swift in Sources */ = {isa = PBXBuildFile; fileRef = 1D1A5B4D2B8E4FEC00F4B8C7 /* GameConstants.swift */; };
		1D1A5B502B8E500000F4B8C7 /* AnalyticsManager.swift in Sources */ = {isa = PBXBuildFile; fileRef = 1D1A5B4F2B8E500000F4B8C7 /* AnalyticsManager.swift */; };
		F1A8A3332E8EB80500FC9B28 /* Experiment in Frameworks */ = {isa = PBXBuildFile; productRef = F1A8A3322E8EB80500FC9B28 /* Experiment */; };
		F1CF84EE2DF21E2A00D4776B /* AmplitudeSwift in Frameworks */ = {isa = PBXBuildFile; productRef = F1CF84ED2DF21E2A00D4776B /* AmplitudeSwift */; };
		F1D7E9022E3BBF9D005322D1 /* AmplitudeEngagementSwift in Frameworks */ = {isa = PBXBuildFile; productRef = F1D7E9012E3BBF9D005322D1 /* AmplitudeEngagementSwift */; };
		F1D7E9052E429894005322D1 /* AmplitudeSessionReplay in Frameworks */ = {isa = PBXBuildFile; productRef = F1D7E9042E429894005322D1 /* AmplitudeSessionReplay */; };
/* End PBXBuildFile section */

/* Begin PBXFileReference section */
		1D1A5B262B8E4F3C00F4B8C7 /* BattleboatIOS.app */ = {isa = PBXFileReference; explicitFileType = wrapper.application; includeInIndex = 0; path = BattleboatIOS.app; sourceTree = BUILT_PRODUCTS_DIR; };
		1D1A5B292B8E4F3C00F4B8C7 /* AppDelegate.swift */ = {isa = PBXFileReference; lastKnownFileType = sourcecode.swift; path = AppDelegate.swift; sourceTree = "<group>"; };
		1D1A5B2B2B8E4F3C00F4B8C7 /* SceneDelegate.swift */ = {isa = PBXFileReference; lastKnownFileType = sourcecode.swift; path = SceneDelegate.swift; sourceTree = "<group>"; };
		1D1A5B302B8E4F3C00F4B8C7 /* Base */ = {isa = PBXFileReference; lastKnownFileType = file.storyboard; name = Base; path = Base.lproj/Main.storyboard; sourceTree = "<group>"; };
		1D1A5B322B8E4F3D00F4B8C7 /* Assets.xcassets */ = {isa = PBXFileReference; lastKnownFileType = folder.assetcatalog; path = Assets.xcassets; sourceTree = "<group>"; };
		1D1A5B352B8E4F3D00F4B8C7 /* Base */ = {isa = PBXFileReference; lastKnownFileType = file.storyboard; name = Base; path = Base.lproj/LaunchScreen.storyboard; sourceTree = "<group>"; };
		1D1A5B372B8E4F3D00F4B8C7 /* Info.plist */ = {isa = PBXFileReference; lastKnownFileType = text.plist.xml; path = Info.plist; sourceTree = "<group>"; };
		1D1A5B3D2B8E4F8A00F4B8C7 /* GameViewController.swift */ = {isa = PBXFileReference; lastKnownFileType = sourcecode.swift; path = GameViewController.swift; sourceTree = "<group>"; };
		1D1A5B3F2B8E4F9600F4B8C7 /* GameModel.swift */ = {isa = PBXFileReference; lastKnownFileType = sourcecode.swift; path = GameModel.swift; sourceTree = "<group>"; };
		1D1A5B412B8E4FA200F4B8C7 /* Ship.swift */ = {isa = PBXFileReference; lastKnownFileType = sourcecode.swift; path = Ship.swift; sourceTree = "<group>"; };
		1D1A5B432B8E4FB000F4B8C7 /* Grid.swift */ = {isa = PBXFileReference; lastKnownFileType = sourcecode.swift; path = Grid.swift; sourceTree = "<group>"; };
		1D1A5B452B8E4FBC00F4B8C7 /* Fleet.swift */ = {isa = PBXFileReference; lastKnownFileType = sourcecode.swift; path = Fleet.swift; sourceTree = "<group>"; };
		1D1A5B472B8E4FC800F4B8C7 /* AI.swift */ = {isa = PBXFileReference; lastKnownFileType = sourcecode.swift; path = AI.swift; sourceTree = "<group>"; };
		1D1A5B492B8E4FD400F4B8C7 /* GameStats.swift */ = {isa = PBXFileReference; lastKnownFileType = sourcecode.swift; path = GameStats.swift; sourceTree = "<group>"; };
		1D1A5B4B2B8E4FE000F4B8C7 /* GridView.swift */ = {isa = PBXFileReference; lastKnownFileType = sourcecode.swift; path = GridView.swift; sourceTree = "<group>"; };
		1D1A5B4D2B8E4FEC00F4B8C7 /* GameConstants.swift */ = {isa = PBXFileReference; lastKnownFileType = sourcecode.swift; path = GameConstants.swift; sourceTree = "<group>"; };
		1D1A5B4F2B8E500000F4B8C7 /* AnalyticsManager.swift */ = {isa = PBXFileReference; lastKnownFileType = sourcecode.swift; path = AnalyticsManager.swift; sourceTree = "<group>"; };
/* End PBXFileReference section */

/* Begin PBXFrameworksBuildPhase section */
		1D1A5B232B8E4F3C00F4B8C7 /* Frameworks */ = {
			isa = PBXFrameworksBuildPhase;
			buildActionMask = 2147483647;
			files = (
				F1A8A3332E8EB80500FC9B28 /* Experiment in Frameworks */,
				F1CF84EE2DF21E2A00D4776B /* AmplitudeSwift in Frameworks */,
				F1D7E9052E429894005322D1 /* AmplitudeSessionReplay in Frameworks */,
				F1D7E9022E3BBF9D005322D1 /* AmplitudeEngagementSwift in Frameworks */,
			);
			runOnlyForDeploymentPostprocessing = 0;
		};
/* End PBXFrameworksBuildPhase section */

/* Begin PBXGroup section */
		1D1A5B1D2B8E4F3C00F4B8C7 = {
			isa = PBXGroup;
			children = (
				1D1A5B282B8E4F3C00F4B8C7 /* BattleboatIOS */,
				1D1A5B272B8E4F3C00F4B8C7 /* Products */,
			);
			sourceTree = "<group>";
		};
		1D1A5B272B8E4F3C00F4B8C7 /* Products */ = {
			isa = PBXGroup;
			children = (
				1D1A5B262B8E4F3C00F4B8C7 /* BattleboatIOS.app */,
			);
			name = Products;
			sourceTree = "<group>";
		};
		1D1A5B282B8E4F3C00F4B8C7 /* BattleboatIOS */ = {
			isa = PBXGroup;
			children = (
				1D1A5B292B8E4F3C00F4B8C7 /* AppDelegate.swift */,
				1D1A5B2B2B8E4F3C00F4B8C7 /* SceneDelegate.swift */,
				1D1A5B3D2B8E4F8A00F4B8C7 /* GameViewController.swift */,
				1D1A5B4B2B8E4FE000F4B8C7 /* GridView.swift */,
				1D1A5B3F2B8E4F9600F4B8C7 /* GameModel.swift */,
				1D1A5B412B8E4FA200F4B8C7 /* Ship.swift */,
				1D1A5B432B8E4FB000F4B8C7 /* Grid.swift */,
				1D1A5B452B8E4FBC00F4B8C7 /* Fleet.swift */,
				1D1A5B472B8E4FC800F4B8C7 /* AI.swift */,
				1D1A5B492B8E4FD400F4B8C7 /* GameStats.swift */,
				1D1A5B4D2B8E4FEC00F4B8C7 /* GameConstants.swift */,
				1D1A5B4F2B8E500000F4B8C7 /* AnalyticsManager.swift */,
				1D1A5B2F2B8E4F3C00F4B8C7 /* Main.storyboard */,
				1D1A5B322B8E4F3D00F4B8C7 /* Assets.xcassets */,
				1D1A5B342B8E4F3D00F4B8C7 /* LaunchScreen.storyboard */,
				1D1A5B372B8E4F3D00F4B8C7 /* Info.plist */,
			);
			path = BattleboatIOS;
			sourceTree = "<group>";
		};
/* End PBXGroup section */

/* Begin PBXNativeTarget section */
		1D1A5B252B8E4F3C00F4B8C7 /* BattleboatIOS */ = {
			isa = PBXNativeTarget;
			buildConfigurationList = 1D1A5B3A2B8E4F3D00F4B8C7 /* Build configuration list for PBXNativeTarget "BattleboatIOS" */;
			buildPhases = (
				1D1A5B222B8E4F3C00F4B8C7 /* Sources */,
				1D1A5B232B8E4F3C00F4B8C7 /* Frameworks */,
				1D1A5B242B8E4F3C00F4B8C7 /* Resources */,
			);
			buildRules = (
			);
			dependencies = (
			);
			name = BattleboatIOS;
			productName = BattleboatIOS;
			productReference = 1D1A5B262B8E4F3C00F4B8C7 /* BattleboatIOS.app */;
			productType = "com.apple.product-type.application";
		};
/* End PBXNativeTarget section */

/* Begin PBXProject section */
		1D1A5B1E2B8E4F3C00F4B8C7 /* Project object */ = {
			isa = PBXProject;
			attributes = {
				BuildIndependentTargetsInParallel = 1;
				LastSwiftUpdateCheck = 1500;
				LastUpgradeCheck = 1500;
				TargetAttributes = {
					1D1A5B252B8E4F3C00F4B8C7 = {
						CreatedOnToolsVersion = 15.0;
					};
				};
			};
			buildConfigurationList = 1D1A5B212B8E4F3C00F4B8C7 /* Build configuration list for PBXProject "BattleboatIOS" */;
			compatibilityVersion = "Xcode 14.0";
			developmentRegion = en;
			hasScannedForEncodings = 0;
			knownRegions = (
				en,
				Base,
			);
			mainGroup = 1D1A5B1D2B8E4F3C00F4B8C7;
			packageReferences = (
				F1CF84EC2DF21E2A00D4776B /* XCRemoteSwiftPackageReference "Amplitude-Swift" */,
				F1D7E9002E3BBF9D005322D1 /* XCRemoteSwiftPackageReference "Amplitude-Engagement-Swift" */,
				F1D7E9032E429894005322D1 /* XCRemoteSwiftPackageReference "AmplitudeSessionReplay-iOS" */,
				F1A8A3312E8EB80500FC9B28 /* XCRemoteSwiftPackageReference "experiment-ios-client" */,
			);
			productRefGroup = 1D1A5B272B8E4F3C00F4B8C7 /* Products */;
			projectDirPath = "";
			projectRoot = "";
			targets = (
				1D1A5B252B8E4F3C00F4B8C7 /* BattleboatIOS */,
			);
		};
/* End PBXProject section */

/* Begin PBXResourcesBuildPhase section */
		1D1A5B242B8E4F3C00F4B8C7 /* Resources */ = {
			isa = PBXResourcesBuildPhase;
			buildActionMask = 2147483647;
			files = (
				1D1A5B362B8E4F3D00F4B8C7 /* LaunchScreen.storyboard in Resources */,
				1D1A5B332B8E4F3D00F4B8C7 /* Assets.xcassets in Resources */,
				1D1A5B312B8E4F3C00F4B8C7 /* Main.storyboard in Resources */,
			);
			runOnlyForDeploymentPostprocessing = 0;
		};
/* End PBXResourcesBuildPhase section */

/* Begin PBXSourcesBuildPhase section */
		1D1A5B222B8E4F3C00F4B8C7 /* Sources */ = {
			isa = PBXSourcesBuildPhase;
			buildActionMask = 2147483647;
			files = (
				1D1A5B422B8E4FA200F4B8C7 /* Ship.swift in Sources */,
				1D1A5B3E2B8E4F8A00F4B8C7 /* GameViewController.swift in Sources */,
				1D1A5B4A2B8E4FD400F4B8C7 /* GameStats.swift in Sources */,
				1D1A5B2A2B8E4F3C00F4B8C7 /* AppDelegate.swift in Sources */,
				1D1A5B402B8E4F9600F4B8C7 /* GameModel.swift in Sources */,
				1D1A5B4E2B8E4FEC00F4B8C7 /* GameConstants.swift in Sources */,
				1D1A5B442B8E4FB000F4B8C7 /* Grid.swift in Sources */,
				1D1A5B482B8E4FC800F4B8C7 /* AI.swift in Sources */,
				1D1A5B502B8E500000F4B8C7 /* AnalyticsManager.swift in Sources */,
				1D1A5B4C2B8E4FE000F4B8C7 /* GridView.swift in Sources */,
				1D1A5B462B8E4FBC00F4B8C7 /* Fleet.swift in Sources */,
				1D1A5B2C2B8E4F3C00F4B8C7 /* SceneDelegate.swift in Sources */,
			);
			runOnlyForDeploymentPostprocessing = 0;
		};
/* End PBXSourcesBuildPhase section */

/* Begin PBXVariantGroup section */
		1D1A5B2F2B8E4F3C00F4B8C7 /* Main.storyboard */ = {
			isa = PBXVariantGroup;
			children = (
				1D1A5B302B8E4F3C00F4B8C7 /* Base */,
			);
			name = Main.storyboard;
			sourceTree = "<group>";
		};
		1D1A5B342B8E4F3D00F4B8C7 /* LaunchScreen.storyboard */ = {
			isa = PBXVariantGroup;
			children = (
				1D1A5B352B8E4F3D00F4B8C7 /* Base */,
			);
			name = LaunchScreen.storyboard;
			sourceTree = "<group>";
		};
/* End PBXVariantGroup section */

/* Begin XCBuildConfiguration section */
		1D1A5B382B8E4F3D00F4B8C7 /* Debug */ = {
			isa = XCBuildConfiguration;
			buildSettings = {
				ALWAYS_SEARCH_USER_PATHS = NO;
				ASSETCATALOG_COMPILER_GENERATE_SWIFT_ASSET_SYMBOL_EXTENSIONS = YES;
				CLANG_ANALYZER_NONNULL = YES;
				CLANG_ANALYZER_NUMBER_OBJECT_CONVERSION = YES_AGGRESSIVE;
				CLANG_CXX_LANGUAGE_STANDARD = "gnu++20";
				CLANG_ENABLE_MODULES = YES;
				CLANG_ENABLE_OBJC_ARC = YES;
				CLANG_ENABLE_OBJC_WEAK = YES;
				CLANG_WARN_BLOCK_CAPTURE_AUTORELEASING = YES;
				CLANG_WARN_BOOL_CONVERSION = YES;
				CLANG_WARN_COMMA = YES;
				CLANG_WARN_CONSTANT_CONVERSION = YES;
				CLANG_WARN_DEPRECATED_OBJC_IMPLEMENTATIONS = YES;
				CLANG_WARN_DIRECT_OBJC_ISA_USAGE = YES_ERROR;
				CLANG_WARN_DOCUMENTATION_COMMENTS = YES;
				CLANG_WARN_EMPTY_BODY = YES;
				CLANG_WARN_ENUM_CONVERSION = YES;
				CLANG_WARN_INFINITE_RECURSION = YES;
				CLANG_WARN_INT_CONVERSION = YES;
				CLANG_WARN_NON_LITERAL_NULL_CONVERSION = YES;
				CLANG_WARN_OBJC_IMPLICIT_RETAIN_SELF = YES;
				CLANG_WARN_OBJC_LITERAL_CONVERSION = YES;
				CLANG_WARN_OBJC_ROOT_CLASS = YES_ERROR;
				CLANG_WARN_QUOTED_INCLUDE_IN_FRAMEWORK_HEADER = YES;
				CLANG_WARN_RANGE_LOOP_ANALYSIS = YES;
				CLANG_WARN_STRICT_PROTOTYPES = YES;
				CLANG_WARN_SUSPICIOUS_MOVE = YES;
				CLANG_WARN_UNGUARDED_AVAILABILITY = YES_AGGRESSIVE;
				CLANG_WARN_UNREACHABLE_CODE = YES;
				CLANG_WARN__DUPLICATE_METHOD_MATCH = YES;
				COPY_PHASE_STRIP = NO;
				DEBUG_INFORMATION_FORMAT = dwarf;
				ENABLE_STRICT_OBJC_MSGSEND = YES;
				ENABLE_TESTABILITY = YES;
				ENABLE_USER_SCRIPT_SANDBOXING = YES;
				GCC_C_LANGUAGE_STANDARD = gnu17;
				GCC_DYNAMIC_NO_PIC = NO;
				GCC_NO_COMMON_BLOCKS = YES;
				GCC_OPTIMIZATION_LEVEL = 0;
				GCC_PREPROCESSOR_DEFINITIONS = (
					"DEBUG=1",
					"$(inherited)",
				);
				GCC_WARN_64_TO_32_BIT_CONVERSION = YES;
				GCC_WARN_ABOUT_RETURN_TYPE = YES_ERROR;
				GCC_WARN_UNDECLARED_SELECTOR = YES;
				GCC_WARN_UNINITIALIZED_AUTOS = YES_AGGRESSIVE;
				GCC_WARN_UNUSED_FUNCTION = YES;
				GCC_WARN_UNUSED_VARIABLE = YES;
				IPHONEOS_DEPLOYMENT_TARGET = 17.0;
				LOCALIZATION_PREFERS_STRING_CATALOGS = YES;
				MTL_ENABLE_DEBUG_INFO = INCLUDE_SOURCE;
				MTL_FAST_MATH = YES;
				ONLY_ACTIVE_ARCH = YES;
				SDKROOT = iphoneos;
				SWIFT_ACTIVE_COMPILATION_CONDITIONS = "DEBUG $(inherited)";
				SWIFT_OPTIMIZATION_LEVEL = "-Onone";
			};
			name = Debug;
		};
		1D1A5B392B8E4F3D00F4B8C7 /* Release */ = {
			isa = XCBuildConfiguration;
			buildSettings = {
				ALWAYS_SEARCH_USER_PATHS = NO;
				ASSETCATALOG_COMPILER_GENERATE_SWIFT_ASSET_SYMBOL_EXTENSIONS = YES;
				CLANG_ANALYZER_NONNULL = YES;
				CLANG_ANALYZER_NUMBER_OBJECT_CONVERSION = YES_AGGRESSIVE;
				CLANG_CXX_LANGUAGE_STANDARD = "gnu++20";
				CLANG_ENABLE_MODULES = YES;
				CLANG_ENABLE_OBJC_ARC = YES;
				CLANG_ENABLE_OBJC_WEAK = YES;
				CLANG_WARN_BLOCK_CAPTURE_AUTORELEASING = YES;
				CLANG_WARN_BOOL_CONVERSION = YES;
				CLANG_WARN_COMMA = YES;
				CLANG_WARN_CONSTANT_CONVERSION = YES;
				CLANG_WARN_DEPRECATED_OBJC_IMPLEMENTATIONS = YES;
				CLANG_WARN_DIRECT_OBJC_ISA_USAGE = YES_ERROR;
				CLANG_WARN_DOCUMENTATION_COMMENTS = YES;
				CLANG_WARN_EMPTY_BODY = YES;
				CLANG_WARN_ENUM_CONVERSION = YES;
				CLANG_WARN_INFINITE_RECURSION = YES;
				CLANG_WARN_INT_CONVERSION = YES;
				CLANG_WARN_NON_LITERAL_NULL_CONVERSION = YES;
				CLANG_WARN_OBJC_IMPLICIT_RETAIN_SELF = YES;
				CLANG_WARN_OBJC_LITERAL_CONVERSION = YES;
				CLANG_WARN_OBJC_ROOT_CLASS = YES_ERROR;
				CLANG_WARN_QUOTED_INCLUDE_IN_FRAMEWORK_HEADER = YES;
				CLANG_WARN_RANGE_LOOP_ANALYSIS = YES;
				CLANG_WARN_STRICT_PROTOTYPES = YES;
				CLANG_WARN_SUSPICIOUS_MOVE = YES;
				CLANG_WARN_UNGUARDED_AVAILABILITY = YES_AGGRESSIVE;
				CLANG_WARN_UNREACHABLE_CODE = YES;
				CLANG_WARN__DUPLICATE_METHOD_MATCH = YES;
				COPY_PHASE_STRIP = NO;
				DEBUG_INFORMATION_FORMAT = "dwarf-with-dsym";
				ENABLE_NS_ASSERTIONS = NO;
				ENABLE_STRICT_OBJC_MSGSEND = YES;
				ENABLE_USER_SCRIPT_SANDBOXING = YES;
				GCC_C_LANGUAGE_STANDARD = gnu17;
				GCC_NO_COMMON_BLOCKS = YES;
				GCC_WARN_64_TO_32_BIT_CONVERSION = YES;
				GCC_WARN_ABOUT_RETURN_TYPE = YES_ERROR;
				GCC_WARN_UNDECLARED_SELECTOR = YES;
				GCC_WARN_UNINITIALIZED_AUTOS = YES_AGGRESSIVE;
				GCC_WARN_UNUSED_FUNCTION = YES;
				GCC_WARN_UNUSED_VARIABLE = YES;
				IPHONEOS_DEPLOYMENT_TARGET = 17.0;
				LOCALIZATION_PREFERS_STRING_CATALOGS = YES;
				MTL_ENABLE_DEBUG_INFO = NO;
				MTL_FAST_MATH = YES;
				SDKROOT = iphoneos;
				SWIFT_COMPILATION_MODE = wholemodule;
				VALIDATE_PRODUCT = YES;
			};
			name = Release;
		};
		1D1A5B3B2B8E4F3D00F4B8C7 /* Debug */ = {
			isa = XCBuildConfiguration;
			buildSettings = {
				ASSETCATALOG_COMPILER_APPICON_NAME = AppIcon;
				ASSETCATALOG_COMPILER_GLOBAL_ACCENT_COLOR_NAME = AccentColor;
				CODE_SIGN_STYLE = Automatic;
				CURRENT_PROJECT_VERSION = 1;
				GENERATE_INFOPLIST_FILE = YES;
				INFOPLIST_FILE = BattleboatIOS/Info.plist;
				INFOPLIST_KEY_CFBundleDisplayName = Battleboat;
				INFOPLIST_KEY_ITSAppUsesNonExemptEncryption = NO;
				INFOPLIST_KEY_LSApplicationCategoryType = "public.app-category.games";
				INFOPLIST_KEY_NSHumanReadableCopyright = "Copyright © 2024 Battleboat Team. All rights reserved.";
				INFOPLIST_KEY_UIApplicationSupportsIndirectInputEvents = YES;
				INFOPLIST_KEY_UILaunchStoryboardName = LaunchScreen;
				INFOPLIST_KEY_UIMainStoryboardFile = Main;
				INFOPLIST_KEY_UIRequiredDeviceCapabilities = armv7;
				INFOPLIST_KEY_UISupportedInterfaceOrientations = "UIInterfaceOrientationPortrait UIInterfaceOrientationLandscapeLeft UIInterfaceOrientationLandscapeRight";
				INFOPLIST_KEY_UISupportedInterfaceOrientations_iPad = "UIInterfaceOrientationPortrait UIInterfaceOrientationPortraitUpsideDown UIInterfaceOrientationLandscapeLeft UIInterfaceOrientationLandscapeRight";
				INFOPLIST_KEY_UISupportedInterfaceOrientations_iPhone = "UIInterfaceOrientationPortrait UIInterfaceOrientationLandscapeLeft UIInterfaceOrientationLandscapeRight";
				INFOPLIST_KEY_UIUserInterfaceStyle = Automatic;
				LD_RUNPATH_SEARCH_PATHS = (
					"$(inherited)",
					"@executable_path/Frameworks",
				);
				MARKETING_VERSION = 1.0;
				PRODUCT_BUNDLE_IDENTIFIER = com.battleboat.BattleboatIOS;
				PRODUCT_NAME = "$(TARGET_NAME)";
				SWIFT_EMIT_LOC_STRINGS = YES;
				SWIFT_VERSION = 5.0;
				TARGETED_DEVICE_FAMILY = "1,2";
			};
			name = Debug;
		};
		1D1A5B3C2B8E4F3D00F4B8C7 /* Release */ = {
			isa = XCBuildConfiguration;
			buildSettings = {
				ASSETCATALOG_COMPILER_APPICON_NAME = AppIcon;
				ASSETCATALOG_COMPILER_GLOBAL_ACCENT_COLOR_NAME = AccentColor;
				CODE_SIGN_STYLE = Automatic;
				CURRENT_PROJECT_VERSION = 1;
				GENERATE_INFOPLIST_FILE = YES;
				INFOPLIST_FILE = BattleboatIOS/Info.plist;
				INFOPLIST_KEY_CFBundleDisplayName = Battleboat;
				INFOPLIST_KEY_ITSAppUsesNonExemptEncryption = NO;
				INFOPLIST_KEY_LSApplicationCategoryType = "public.app-category.games";
				INFOPLIST_KEY_NSHumanReadableCopyright = "Copyright © 2024 Battleboat Team. All rights reserved.";
				INFOPLIST_KEY_UIApplicationSupportsIndirectInputEvents = YES;
				INFOPLIST_KEY_UILaunchStoryboardName = LaunchScreen;
				INFOPLIST_KEY_UIMainStoryboardFile = Main;
				INFOPLIST_KEY_UIRequiredDeviceCapabilities = armv7;
				INFOPLIST_KEY_UISupportedInterfaceOrientations = "UIInterfaceOrientationPortrait UIInterfaceOrientationLandscapeLeft UIInterfaceOrientationLandscapeRight";
				INFOPLIST_KEY_UISupportedInterfaceOrientations_iPad = "UIInterfaceOrientationPortrait UIInterfaceOrientationPortraitUpsideDown UIInterfaceOrientationLandscapeLeft UIInterfaceOrientationLandscapeRight";
				INFOPLIST_KEY_UISupportedInterfaceOrientations_iPhone = "UIInterfaceOrientationPortrait UIInterfaceOrientationLandscapeLeft UIInterfaceOrientationLandscapeRight";
				INFOPLIST_KEY_UIUserInterfaceStyle = Automatic;
				LD_RUNPATH_SEARCH_PATHS = (
					"$(inherited)",
					"@executable_path/Frameworks",
				);
				MARKETING_VERSION = 1.0;
				PRODUCT_BUNDLE_IDENTIFIER = com.battleboat.BattleboatIOS;
				PRODUCT_NAME = "$(TARGET_NAME)";
				SWIFT_EMIT_LOC_STRINGS = YES;
				SWIFT_VERSION = 5.0;
				TARGETED_DEVICE_FAMILY = "1,2";
			};
			name = Release;
		};
/* End XCBuildConfiguration section */

/* Begin XCConfigurationList section */
		1D1A5B212B8E4F3C00F4B8C7 /* Build configuration list for PBXProject "BattleboatIOS" */ = {
			isa = XCConfigurationList;
			buildConfigurations = (
				1D1A5B382B8E4F3D00F4B8C7 /* Debug */,
				1D1A5B392B8E4F3D00F4B8C7 /* Release */,
			);
			defaultConfigurationIsVisible = 0;
			defaultConfigurationName = Release;
		};
		1D1A5B3A2B8E4F3D00F4B8C7 /* Build configuration list for PBXNativeTarget "BattleboatIOS" */ = {
			isa = XCConfigurationList;
			buildConfigurations = (
				1D1A5B3B2B8E4F3D00F4B8C7 /* Debug */,
				1D1A5B3C2B8E4F3D00F4B8C7 /* Release */,
			);
			defaultConfigurationIsVisible = 0;
			defaultConfigurationName = Release;
		};
/* End XCConfigurationList section */

/* Begin XCRemoteSwiftPackageReference section */
		F1A8A3312E8EB80500FC9B28 /* XCRemoteSwiftPackageReference "experiment-ios-client" */ = {
			isa = XCRemoteSwiftPackageReference;
			repositoryURL = "https://github.com/amplitude/experiment-ios-client";
			requirement = {
				branch = main;
				kind = branch;
			};
		};
		F1CF84EC2DF21E2A00D4776B /* XCRemoteSwiftPackageReference "Amplitude-Swift" */ = {
			isa = XCRemoteSwiftPackageReference;
			repositoryURL = "https://github.com/amplitude/Amplitude-Swift";
			requirement = {
				kind = upToNextMajorVersion;
				minimumVersion = 1.15.0;
			};
		};
		F1D7E9002E3BBF9D005322D1 /* XCRemoteSwiftPackageReference "Amplitude-Engagement-Swift" */ = {
			isa = XCRemoteSwiftPackageReference;
			repositoryURL = "https://github.com/amplitude/Amplitude-Engagement-Swift";
			requirement = {
				kind = upToNextMajorVersion;
				minimumVersion = 1.7.0;
			};
		};
		F1D7E9032E429894005322D1 /* XCRemoteSwiftPackageReference "AmplitudeSessionReplay-iOS" */ = {
			isa = XCRemoteSwiftPackageReference;
			repositoryURL = "https://github.com/amplitude/AmplitudeSessionReplay-iOS";
			requirement = {
				branch = main;
				kind = branch;
			};
		};
/* End XCRemoteSwiftPackageReference section */

/* Begin XCSwiftPackageProductDependency section */
		F1A8A3322E8EB80500FC9B28 /* Experiment */ = {
			isa = XCSwiftPackageProductDependency;
			package = F1A8A3312E8EB80500FC9B28 /* XCRemoteSwiftPackageReference "experiment-ios-client" */;
			productName = Experiment;
		};
		F1CF84ED2DF21E2A00D4776B /* AmplitudeSwift */ = {
			isa = XCSwiftPackageProductDependency;
			package = F1CF84EC2DF21E2A00D4776B /* XCRemoteSwiftPackageReference "Amplitude-Swift" */;
			productName = AmplitudeSwift;
		};
		F1D7E9012E3BBF9D005322D1 /* AmplitudeEngagementSwift */ = {
			isa = XCSwiftPackageProductDependency;
			package = F1D7E9002E3BBF9D005322D1 /* XCRemoteSwiftPackageReference "Amplitude-Engagement-Swift" */;
			productName = AmplitudeEngagementSwift;
		};
		F1D7E9042E429894005322D1 /* AmplitudeSessionReplay */ = {
			isa = XCSwiftPackageProductDependency;
			package = F1D7E9032E429894005322D1 /* XCRemoteSwiftPackageReference "AmplitudeSessionReplay-iOS" */;
			productName = AmplitudeSessionReplay;
		};
/* End XCSwiftPackageProductDependency section */
	};
	rootObject = 1D1A5B1E2B8E4F3C00F4B8C7 /* Project object */;
}
